
Microsoft Visual Studio Solution File, Format Version 12.00
# Visual Studio Version 17
VisualStudioVersion = 17.10.35013.160
MinimumVisualStudioVersion = 10.0.40219.1
Project("{FAE04EC0-301F-11D3-BF4B-00C04F79EFBC}") = "Topic 1 - The Basics", "Topic 1 - The Basics\Topic 1 - The Basics.csproj", "{F2C9E51B-A663-49AA-AA02-79357B447061}"
EndProject
Global
	GlobalSection(SolutionConfigurationPlatforms) = preSolution
		Debug|Any CPU = Debug|Any CPU
		Release|Any CPU = Release|Any CPU
	EndGlobalSection
	GlobalSection(ProjectConfigurationPlatforms) = postSolution
		{F2C9E51B-A663-49AA-AA02-79357B447061}.Debug|Any CPU.ActiveCfg = Debug|Any CPU
		{F2C9E51B-A663-49AA-AA02-79357B447061}.Debug|Any CPU.Build.0 = Debug|Any CPU
		{F2C9E51B-A663-49AA-AA02-79357B447061}.Release|Any CPU.ActiveCfg = Release|Any CPU
		{F2C9E51B-A663-49AA-AA02-79357B447061}.Release|Any CPU.Build.0 = Release|Any CPU
	EndGlobalSection
	GlobalSection(SolutionProperties) = preSolution
		HideSolutionNode = FALSE
	EndGlobalSection
	GlobalSection(ExtensibilityGlobals) = postSolution
		SolutionGuid = {CAF3FD4C-E9BB-4C7B-B511-A88B2E07A304}
	EndGlobalSection
EndGlobal
